
Microsoft Visual Studio Solution File, Format Version 12.00
# Visual Studio Version 16
VisualStudioVersion = 16.0.31410.357
MinimumVisualStudioVersion = 10.0.40219.1
Project("{FAE04EC0-301F-11D3-BF4B-00C04F79EFBC}") = "MyCal", "MyCal.csproj", "{D5C2A462-4E1C-4F79-B4B8-7E0BA2F53760}"
EndProject
Project("{FAE04EC0-301F-11D3-BF4B-00C04F79EFBC}") = "MyCalModel", "..\MyCalModel\MyCalModel.csproj", "{2FAA69A8-0045-46A9-9870-1071C35D040C}"
EndProject
Global
	GlobalSection(SolutionConfigurationPlatforms) = preSolution
		Debug|Any CPU = Debug|Any CPU
		Release|Any CPU = Release|Any CPU
	EndGlobalSection
	GlobalSection(ProjectConfigurationPlatforms) = postSolution
		{D5C2A462-4E1C-4F79-B4B8-7E0BA2F53760}.Debug|Any CPU.ActiveCfg = Debug|Any CPU
		{D5C2A462-4E1C-4F79-B4B8-7E0BA2F53760}.Debug|Any CPU.Build.0 = Debug|Any CPU
		{D5C2A462-4E1C-4F79-B4B8-7E0BA2F53760}.Release|Any CPU.ActiveCfg = Release|Any CPU
		{D5C2A462-4E1C-4F79-B4B8-7E0BA2F53760}.Release|Any CPU.Build.0 = Release|Any CPU
		{2FAA69A8-0045-46A9-9870-1071C35D040C}.Debug|Any CPU.ActiveCfg = Debug|Any CPU
		{2FAA69A8-0045-46A9-9870-1071C35D040C}.Debug|Any CPU.Build.0 = Debug|Any CPU
		{2FAA69A8-0045-46A9-9870-1071C35D040C}.Release|Any CPU.ActiveCfg = Release|Any CPU
		{2FAA69A8-0045-46A9-9870-1071C35D040C}.Release|Any CPU.Build.0 = Release|Any CPU
	EndGlobalSection
	GlobalSection(SolutionProperties) = preSolution
		HideSolutionNode = FALSE
	EndGlobalSection
	GlobalSection(ExtensibilityGlobals) = postSolution
		SolutionGuid = {DBDCDE29-BA80-4F75-B07C-6869C65E5C1B}
	EndGlobalSection
EndGlobal
