
Microsoft Visual Studio Solution File, Format Version 12.00
# Visual Studio Version 16
VisualStudioVersion = 16.0.32802.440
MinimumVisualStudioVersion = 10.0.40219.1
Project("{FAE04EC0-301F-11D3-BF4B-00C04F79EFBC}") = "Demo_2.5.2", "Demo_2.5.2\Demo_2.5.2.csproj", "{5381E7B6-4B79-482A-8CEA-D0692098BB86}"
EndProject
Global
	GlobalSection(SolutionConfigurationPlatforms) = preSolution
		Debug|Any CPU = Debug|Any CPU
		Release|Any CPU = Release|Any CPU
	EndGlobalSection
	GlobalSection(ProjectConfigurationPlatforms) = postSolution
		{5381E7B6-4B79-482A-8CEA-D0692098BB86}.Debug|Any CPU.ActiveCfg = Debug|Any CPU
		{5381E7B6-4B79-482A-8CEA-D0692098BB86}.Debug|Any CPU.Build.0 = Debug|Any CPU
		{5381E7B6-4B79-482A-8CEA-D0692098BB86}.Release|Any CPU.ActiveCfg = Release|Any CPU
		{5381E7B6-4B79-482A-8CEA-D0692098BB86}.Release|Any CPU.Build.0 = Release|Any CPU
	EndGlobalSection
	GlobalSection(SolutionProperties) = preSolution
		HideSolutionNode = FALSE
	EndGlobalSection
	GlobalSection(ExtensibilityGlobals) = postSolution
		SolutionGuid = {1A67D1F4-BAFF-4177-9A1E-5CC2CD41524E}
	EndGlobalSection
EndGlobal
