
Microsoft Visual Studio Solution File, Format Version 12.00
# Visual Studio Version 16
VisualStudioVersion = 16.0.32802.440
MinimumVisualStudioVersion = 10.0.40219.1
Project("{FAE04EC0-301F-11D3-BF4B-00C04F79EFBC}") = "Demo_2.5.3", "WinForm_2.5.3\Demo_2.5.3.csproj", "{87382C0E-6151-4356-8C64-45C0FEC03FFA}"
EndProject
Global
	GlobalSection(SolutionConfigurationPlatforms) = preSolution
		Debug|Any CPU = Debug|Any CPU
		Release|Any CPU = Release|Any CPU
	EndGlobalSection
	GlobalSection(ProjectConfigurationPlatforms) = postSolution
		{87382C0E-6151-4356-8C64-45C0FEC03FFA}.Debug|Any CPU.ActiveCfg = Debug|Any CPU
		{87382C0E-6151-4356-8C64-45C0FEC03FFA}.Debug|Any CPU.Build.0 = Debug|Any CPU
		{87382C0E-6151-4356-8C64-45C0FEC03FFA}.Release|Any CPU.ActiveCfg = Release|Any CPU
		{87382C0E-6151-4356-8C64-45C0FEC03FFA}.Release|Any CPU.Build.0 = Release|Any CPU
	EndGlobalSection
	GlobalSection(SolutionProperties) = preSolution
		HideSolutionNode = FALSE
	EndGlobalSection
	GlobalSection(ExtensibilityGlobals) = postSolution
		SolutionGuid = {96C1BF3C-E9AC-4EEE-B5A8-DE8E23F46D39}
	EndGlobalSection
EndGlobal
