
Microsoft Visual Studio Solution File, Format Version 12.00
# Visual Studio 15
VisualStudioVersion = 15.0.28307.902
MinimumVisualStudioVersion = 10.0.40219.1
Project("{FAE04EC0-301F-11D3-BF4B-00C04F79EFBC}") = "xiketang.com.Ado.Net", "xiketang.com.Ado.Net\xiketang.com.Ado.Net.csproj", "{40CC8A37-8745-4D58-B569-B3CFCEF1D201}"
EndProject
Global
	GlobalSection(SolutionConfigurationPlatforms) = preSolution
		Debug|Any CPU = Debug|Any CPU
		Release|Any CPU = Release|Any CPU
	EndGlobalSection
	GlobalSection(ProjectConfigurationPlatforms) = postSolution
		{40CC8A37-8745-4D58-B569-B3CFCEF1D201}.Debug|Any CPU.ActiveCfg = Debug|Any CPU
		{40CC8A37-8745-4D58-B569-B3CFCEF1D201}.Debug|Any CPU.Build.0 = Debug|Any CPU
		{40CC8A37-8745-4D58-B569-B3CFCEF1D201}.Release|Any CPU.ActiveCfg = Release|Any CPU
		{40CC8A37-8745-4D58-B569-B3CFCEF1D201}.Release|Any CPU.Build.0 = Release|Any CPU
	EndGlobalSection
	GlobalSection(SolutionProperties) = preSolution
		HideSolutionNode = FALSE
	EndGlobalSection
	GlobalSection(ExtensibilityGlobals) = postSolution
		SolutionGuid = {1C31DA5D-1C2E-4725-A1BE-1BD2D41DB327}
	EndGlobalSection
EndGlobal
