
Microsoft Visual Studio Solution File, Format Version 12.00
# Visual Studio 15
VisualStudioVersion = 15.0.28307.902
MinimumVisualStudioVersion = 10.0.40219.1
Project("{FAE04EC0-301F-11D3-BF4B-00C04F79EFBC}") = "xiketang.com.Ado.Net", "xiketang.com.Ado.Net\xiketang.com.Ado.Net.csproj", "{40CC8A37-8745-4D58-B569-B3CFCEF1D201}"
EndProject
Project("{2150E333-8FDC-42A3-9474-1A3956D46DE8}") = "基于三层架构设计项目", "基于三层架构设计项目", "{D8861DA8-1A77-40C2-BCE1-7D2B1F3966E1}"
EndProject
Project("{FAE04EC0-301F-11D3-BF4B-00C04F79EFBC}") = "MyProjectUI", "MyProjectUI\MyProjectUI.csproj", "{67DEE9FB-A4F1-490D-97BE-FE2F232FEDA4}"
EndProject
Project("{FAE04EC0-301F-11D3-BF4B-00C04F79EFBC}") = "Models", "Models\Models.csproj", "{056B2763-30D7-46A1-93CF-97FE27DC8DC3}"
EndProject
Project("{FAE04EC0-301F-11D3-BF4B-00C04F79EFBC}") = "BLL", "BLL\BLL.csproj", "{DCA1AC0D-5D4A-4A8B-91D5-EB9A20C1A8BB}"
EndProject
Project("{FAE04EC0-301F-11D3-BF4B-00C04F79EFBC}") = "DAL", "DAL\DAL.csproj", "{2E8E4129-02E4-4AB6-8AF2-71F139F42E68}"
EndProject
Global
	GlobalSection(SolutionConfigurationPlatforms) = preSolution
		Debug|Any CPU = Debug|Any CPU
		Release|Any CPU = Release|Any CPU
	EndGlobalSection
	GlobalSection(ProjectConfigurationPlatforms) = postSolution
		{40CC8A37-8745-4D58-B569-B3CFCEF1D201}.Debug|Any CPU.ActiveCfg = Debug|Any CPU
		{40CC8A37-8745-4D58-B569-B3CFCEF1D201}.Debug|Any CPU.Build.0 = Debug|Any CPU
		{40CC8A37-8745-4D58-B569-B3CFCEF1D201}.Release|Any CPU.ActiveCfg = Release|Any CPU
		{40CC8A37-8745-4D58-B569-B3CFCEF1D201}.Release|Any CPU.Build.0 = Release|Any CPU
		{67DEE9FB-A4F1-490D-97BE-FE2F232FEDA4}.Debug|Any CPU.ActiveCfg = Debug|Any CPU
		{67DEE9FB-A4F1-490D-97BE-FE2F232FEDA4}.Debug|Any CPU.Build.0 = Debug|Any CPU
		{67DEE9FB-A4F1-490D-97BE-FE2F232FEDA4}.Release|Any CPU.ActiveCfg = Release|Any CPU
		{67DEE9FB-A4F1-490D-97BE-FE2F232FEDA4}.Release|Any CPU.Build.0 = Release|Any CPU
		{056B2763-30D7-46A1-93CF-97FE27DC8DC3}.Debug|Any CPU.ActiveCfg = Debug|Any CPU
		{056B2763-30D7-46A1-93CF-97FE27DC8DC3}.Debug|Any CPU.Build.0 = Debug|Any CPU
		{056B2763-30D7-46A1-93CF-97FE27DC8DC3}.Release|Any CPU.ActiveCfg = Release|Any CPU
		{056B2763-30D7-46A1-93CF-97FE27DC8DC3}.Release|Any CPU.Build.0 = Release|Any CPU
		{DCA1AC0D-5D4A-4A8B-91D5-EB9A20C1A8BB}.Debug|Any CPU.ActiveCfg = Debug|Any CPU
		{DCA1AC0D-5D4A-4A8B-91D5-EB9A20C1A8BB}.Debug|Any CPU.Build.0 = Debug|Any CPU
		{DCA1AC0D-5D4A-4A8B-91D5-EB9A20C1A8BB}.Release|Any CPU.ActiveCfg = Release|Any CPU
		{DCA1AC0D-5D4A-4A8B-91D5-EB9A20C1A8BB}.Release|Any CPU.Build.0 = Release|Any CPU
		{2E8E4129-02E4-4AB6-8AF2-71F139F42E68}.Debug|Any CPU.ActiveCfg = Debug|Any CPU
		{2E8E4129-02E4-4AB6-8AF2-71F139F42E68}.Debug|Any CPU.Build.0 = Debug|Any CPU
		{2E8E4129-02E4-4AB6-8AF2-71F139F42E68}.Release|Any CPU.ActiveCfg = Release|Any CPU
		{2E8E4129-02E4-4AB6-8AF2-71F139F42E68}.Release|Any CPU.Build.0 = Release|Any CPU
	EndGlobalSection
	GlobalSection(SolutionProperties) = preSolution
		HideSolutionNode = FALSE
	EndGlobalSection
	GlobalSection(NestedProjects) = preSolution
		{67DEE9FB-A4F1-490D-97BE-FE2F232FEDA4} = {D8861DA8-1A77-40C2-BCE1-7D2B1F3966E1}
		{056B2763-30D7-46A1-93CF-97FE27DC8DC3} = {D8861DA8-1A77-40C2-BCE1-7D2B1F3966E1}
		{DCA1AC0D-5D4A-4A8B-91D5-EB9A20C1A8BB} = {D8861DA8-1A77-40C2-BCE1-7D2B1F3966E1}
		{2E8E4129-02E4-4AB6-8AF2-71F139F42E68} = {D8861DA8-1A77-40C2-BCE1-7D2B1F3966E1}
	EndGlobalSection
	GlobalSection(ExtensibilityGlobals) = postSolution
		SolutionGuid = {1C31DA5D-1C2E-4725-A1BE-1BD2D41DB327}
	EndGlobalSection
EndGlobal
