
Microsoft Visual Studio Solution File, Format Version 12.00
# Visual Studio 15
VisualStudioVersion = 15.0.28307.902
MinimumVisualStudioVersion = 10.0.40219.1
Project("{FAE04EC0-301F-11D3-BF4B-00C04F79EFBC}") = "FirstConsoleApp", "FirstConsoleApp.csproj", "{206C0AF0-4656-4482-9C7A-2988CF06661A}"
EndProject
Project("{F184B08F-C81C-45F6-A57F-5ABD9991F28F}") = "VBCaluator", "VBCaluator\VBCaluator.vbproj", "{8F91A549-5C36-4316-A8EE-B873497DAA3C}"
EndProject
Global
	GlobalSection(SolutionConfigurationPlatforms) = preSolution
		Debug|Any CPU = Debug|Any CPU
		Release|Any CPU = Release|Any CPU
	EndGlobalSection
	GlobalSection(ProjectConfigurationPlatforms) = postSolution
		{206C0AF0-4656-4482-9C7A-2988CF06661A}.Debug|Any CPU.ActiveCfg = Debug|Any CPU
		{206C0AF0-4656-4482-9C7A-2988CF06661A}.Debug|Any CPU.Build.0 = Debug|Any CPU
		{206C0AF0-4656-4482-9C7A-2988CF06661A}.Release|Any CPU.ActiveCfg = Release|Any CPU
		{206C0AF0-4656-4482-9C7A-2988CF06661A}.Release|Any CPU.Build.0 = Release|Any CPU
		{8F91A549-5C36-4316-A8EE-B873497DAA3C}.Debug|Any CPU.ActiveCfg = Debug|Any CPU
		{8F91A549-5C36-4316-A8EE-B873497DAA3C}.Debug|Any CPU.Build.0 = Debug|Any CPU
		{8F91A549-5C36-4316-A8EE-B873497DAA3C}.Release|Any CPU.ActiveCfg = Release|Any CPU
		{8F91A549-5C36-4316-A8EE-B873497DAA3C}.Release|Any CPU.Build.0 = Release|Any CPU
	EndGlobalSection
	GlobalSection(SolutionProperties) = preSolution
		HideSolutionNode = FALSE
	EndGlobalSection
	GlobalSection(ExtensibilityGlobals) = postSolution
		SolutionGuid = {B9FEAF8A-5B55-49BB-9692-AA64AF29A6D4}
	EndGlobalSection
EndGlobal
