
Microsoft Visual Studio Solution File, Format Version 12.00
# Visual Studio Version 16
VisualStudioVersion = 16.0.32802.440
MinimumVisualStudioVersion = 10.0.40219.1
Project("{FAE04EC0-301F-11D3-BF4B-00C04F79EFBC}") = "Demo_2.3.5", "Demo_2.3.5\Demo_2.3.5.csproj", "{99D81C6E-37B1-4D51-A061-B9863EF0CC4A}"
EndProject
Global
	GlobalSection(SolutionConfigurationPlatforms) = preSolution
		Debug|Any CPU = Debug|Any CPU
		Release|Any CPU = Release|Any CPU
	EndGlobalSection
	GlobalSection(ProjectConfigurationPlatforms) = postSolution
		{99D81C6E-37B1-4D51-A061-B9863EF0CC4A}.Debug|Any CPU.ActiveCfg = Debug|Any CPU
		{99D81C6E-37B1-4D51-A061-B9863EF0CC4A}.Debug|Any CPU.Build.0 = Debug|Any CPU
		{99D81C6E-37B1-4D51-A061-B9863EF0CC4A}.Release|Any CPU.ActiveCfg = Release|Any CPU
		{99D81C6E-37B1-4D51-A061-B9863EF0CC4A}.Release|Any CPU.Build.0 = Release|Any CPU
	EndGlobalSection
	GlobalSection(SolutionProperties) = preSolution
		HideSolutionNode = FALSE
	EndGlobalSection
	GlobalSection(ExtensibilityGlobals) = postSolution
		SolutionGuid = {7FC94178-988D-4FDA-ADC4-253C1A52FC61}
	EndGlobalSection
EndGlobal
