
Microsoft Visual Studio Solution File, Format Version 12.00
# Visual Studio 15
VisualStudioVersion = 15.0.28307.902
MinimumVisualStudioVersion = 10.0.40219.1
Project("{FAE04EC0-301F-11D3-BF4B-00C04F79EFBC}") = "thinger.csharpbase", "thinger.csharpbase\thinger.csharpbase.csproj", "{6BB2EA17-FA6E-4ADD-9236-3016EF579B79}"
EndProject
Global
	GlobalSection(SolutionConfigurationPlatforms) = preSolution
		Debug|Any CPU = Debug|Any CPU
		Release|Any CPU = Release|Any CPU
	EndGlobalSection
	GlobalSection(ProjectConfigurationPlatforms) = postSolution
		{6BB2EA17-FA6E-4ADD-9236-3016EF579B79}.Debug|Any CPU.ActiveCfg = Debug|Any CPU
		{6BB2EA17-FA6E-4ADD-9236-3016EF579B79}.Debug|Any CPU.Build.0 = Debug|Any CPU
		{6BB2EA17-FA6E-4ADD-9236-3016EF579B79}.Release|Any CPU.ActiveCfg = Release|Any CPU
		{6BB2EA17-FA6E-4ADD-9236-3016EF579B79}.Release|Any CPU.Build.0 = Release|Any CPU
	EndGlobalSection
	GlobalSection(SolutionProperties) = preSolution
		HideSolutionNode = FALSE
	EndGlobalSection
	GlobalSection(ExtensibilityGlobals) = postSolution
		SolutionGuid = {A07C83BF-4215-4441-87EF-A770D0FC7F93}
	EndGlobalSection
EndGlobal
