
Microsoft Visual Studio Solution File, Format Version 12.00
# Visual Studio 15
VisualStudioVersion = 15.0.28307.902
MinimumVisualStudioVersion = 10.0.40219.1
Project("{FAE04EC0-301F-11D3-BF4B-00C04F79EFBC}") = "IniHelperDemo", "IniHelperDemo\IniHelperDemo.csproj", "{E2BECF87-6E98-49F9-99A4-F3480D13DB63}"
EndProject
Global
	GlobalSection(SolutionConfigurationPlatforms) = preSolution
		Debug|Any CPU = Debug|Any CPU
		Release|Any CPU = Release|Any CPU
	EndGlobalSection
	GlobalSection(ProjectConfigurationPlatforms) = postSolution
		{E2BECF87-6E98-49F9-99A4-F3480D13DB63}.Debug|Any CPU.ActiveCfg = Debug|Any CPU
		{E2BECF87-6E98-49F9-99A4-F3480D13DB63}.Debug|Any CPU.Build.0 = Debug|Any CPU
		{E2BECF87-6E98-49F9-99A4-F3480D13DB63}.Release|Any CPU.ActiveCfg = Release|Any CPU
		{E2BECF87-6E98-49F9-99A4-F3480D13DB63}.Release|Any CPU.Build.0 = Release|Any CPU
	EndGlobalSection
	GlobalSection(SolutionProperties) = preSolution
		HideSolutionNode = FALSE
	EndGlobalSection
	GlobalSection(ExtensibilityGlobals) = postSolution
		SolutionGuid = {C56386C0-CD6C-4233-92E0-BEEC627EA9CB}
	EndGlobalSection
EndGlobal
