
Microsoft Visual Studio Solution File, Format Version 12.00
# Visual Studio 15
VisualStudioVersion = 15.0.28010.2046
MinimumVisualStudioVersion = 10.0.40219.1
Project("{FAE04EC0-301F-11D3-BF4B-00C04F79EFBC}") = "xiketang.com.Charpter2", "xiketang.com.Charpter2\xiketang.com.Charpter2.csproj", "{6163612C-FB55-4420-8982-A64B36F61794}"
EndProject
Global
	GlobalSection(SolutionConfigurationPlatforms) = preSolution
		Debug|Any CPU = Debug|Any CPU
		Release|Any CPU = Release|Any CPU
	EndGlobalSection
	GlobalSection(ProjectConfigurationPlatforms) = postSolution
		{6163612C-FB55-4420-8982-A64B36F61794}.Debug|Any CPU.ActiveCfg = Debug|Any CPU
		{6163612C-FB55-4420-8982-A64B36F61794}.Debug|Any CPU.Build.0 = Debug|Any CPU
		{6163612C-FB55-4420-8982-A64B36F61794}.Release|Any CPU.ActiveCfg = Release|Any CPU
		{6163612C-FB55-4420-8982-A64B36F61794}.Release|Any CPU.Build.0 = Release|Any CPU
	EndGlobalSection
	GlobalSection(SolutionProperties) = preSolution
		HideSolutionNode = FALSE
	EndGlobalSection
	GlobalSection(ExtensibilityGlobals) = postSolution
		SolutionGuid = {BE629A51-F78C-4B5C-8702-7FF69A58ED44}
	EndGlobalSection
EndGlobal
