
Microsoft Visual Studio Solution File, Format Version 12.00
# Visual Studio 15
VisualStudioVersion = 15.0.28307.902
MinimumVisualStudioVersion = 10.0.40219.1
Project("{FAE04EC0-301F-11D3-BF4B-00C04F79EFBC}") = "TextFile", "TextFile\TextFile.csproj", "{BE8F55BA-EECB-456C-8C62-32AD909CEC0A}"
EndProject
Global
	GlobalSection(SolutionConfigurationPlatforms) = preSolution
		Debug|Any CPU = Debug|Any CPU
		Release|Any CPU = Release|Any CPU
	EndGlobalSection
	GlobalSection(ProjectConfigurationPlatforms) = postSolution
		{BE8F55BA-EECB-456C-8C62-32AD909CEC0A}.Debug|Any CPU.ActiveCfg = Debug|Any CPU
		{BE8F55BA-EECB-456C-8C62-32AD909CEC0A}.Debug|Any CPU.Build.0 = Debug|Any CPU
		{BE8F55BA-EECB-456C-8C62-32AD909CEC0A}.Release|Any CPU.ActiveCfg = Release|Any CPU
		{BE8F55BA-EECB-456C-8C62-32AD909CEC0A}.Release|Any CPU.Build.0 = Release|Any CPU
	EndGlobalSection
	GlobalSection(SolutionProperties) = preSolution
		HideSolutionNode = FALSE
	EndGlobalSection
	GlobalSection(ExtensibilityGlobals) = postSolution
		SolutionGuid = {9D3D8EA7-B345-4FBE-97A6-4B659F595935}
	EndGlobalSection
EndGlobal
